<?xml version="1.0" encoding="utf-8"?>
<Project ToolsVersion="4.0" xmlns="http://schemas.microsoft.com/developer/msbuild/2003">
  <ItemGroup>
    <Filter Include="源文件">
      <UniqueIdentifier>{4FC737F1-C7A5-4376-A066-2A32D752A2FF}</UniqueIdentifier>
      <Extensions>cpp;c;cc;cxx;def;odl;idl;hpj;bat;asm;asmx</Extensions>
    </Filter>
    <Filter Include="头文件">
      <UniqueIdentifier>{93995380-89BD-4b04-88EB-625FBE52EBFB}</UniqueIdentifier>
      <Extensions>h;hh;hpp;hxx;hm;inl;inc;ipp;xsd</Extensions>
    </Filter>
    <Filter Include="资源文件">
      <UniqueIdentifier>{67DA6AB6-F800-4c08-8B7A-83BB121AAD01}</UniqueIdentifier>
      <Extensions>rc;ico;cur;bmp;dlg;rc2;rct;bin;rgs;gif;jpg;jpeg;jpe;resx;tiff;tif;png;wav;mfcribbon-ms</Extensions>
    </Filter>
    <Filter Include="core">
      <UniqueIdentifier>{ab3f8bb6-2b4d-4633-895d-8fd3f1df00fc}</UniqueIdentifier>
    </Filter>
    <Filter Include="player">
      <UniqueIdentifier>{5766e3ac-f80f-4417-aed4-306465e8e6a0}</UniqueIdentifier>
    </Filter>
    <Filter Include="cjson">
      <UniqueIdentifier>{921cbca5-1af7-4640-9fe2-26f98c407e6b}</UniqueIdentifier>
    </Filter>
    <Filter Include="Unity">
      <UniqueIdentifier>{ac1a6196-e8e4-4915-97e5-f2c233e62427}</UniqueIdentifier>
    </Filter>
    <Filter Include="d3d11">
      <UniqueIdentifier>{d72d9984-5d11-466d-b97f-a14a984bdbca}</UniqueIdentifier>
    </Filter>
  </ItemGroup>
  <ItemGroup>
    <ClInclude Include="stdafx.h">
      <Filter>头文件</Filter>
    </ClInclude>
    <ClInclude Include="targetver.h">
      <Filter>头文件</Filter>
    </ClInclude>
    <ClInclude Include="MPVController.h">
      <Filter>core</Filter>
    </ClInclude>
    <ClInclude Include="MPVDataDefine.h">
      <Filter>core</Filter>
    </ClInclude>
    <ClInclude Include="MPVTrack.h">
      <Filter>core</Filter>
    </ClInclude>
    <ClInclude Include="PlaybackInfo.h">
      <Filter>core</Filter>
    </ClInclude>
    <ClInclude Include="Player.h">
      <Filter>player</Filter>
    </ClInclude>
    <ClInclude Include="WinPlayer.h">
      <Filter>player</Filter>
    </ClInclude>
    <ClInclude Include="PlayerCore.h">
      <Filter>core</Filter>
    </ClInclude>
    <ClInclude Include="PlayerForCS.h">
      <Filter>player</Filter>
    </ClInclude>
    <ClInclude Include="cJSON.h">
      <Filter>cjson</Filter>
    </ClInclude>
    <ClInclude Include="CJsonObject.hpp">
      <Filter>cjson</Filter>
    </ClInclude>
    <ClInclude Include="CJsonHelper.h">
      <Filter>cjson</Filter>
    </ClInclude>
    <ClInclude Include="NativeRenderingPlugin\gl3w\gl3w.h">
      <Filter>Unity</Filter>
    </ClInclude>
    <ClInclude Include="NativeRenderingPlugin\gl3w\glcorearb.h">
      <Filter>Unity</Filter>
    </ClInclude>
    <ClInclude Include="NativeRenderingPlugin\Unity\IUnityGraphics.h">
      <Filter>Unity</Filter>
    </ClInclude>
    <ClInclude Include="NativeRenderingPlugin\Unity\IUnityGraphicsD3D9.h">
      <Filter>Unity</Filter>
    </ClInclude>
    <ClInclude Include="NativeRenderingPlugin\Unity\IUnityGraphicsD3D11.h">
      <Filter>Unity</Filter>
    </ClInclude>
    <ClInclude Include="NativeRenderingPlugin\Unity\IUnityGraphicsD3D12.h">
      <Filter>Unity</Filter>
    </ClInclude>
    <ClInclude Include="NativeRenderingPlugin\Unity\IUnityGraphicsMetal.h">
      <Filter>Unity</Filter>
    </ClInclude>
    <ClInclude Include="NativeRenderingPlugin\Unity\IUnityGraphicsVulkan.h">
      <Filter>Unity</Filter>
    </ClInclude>
    <ClInclude Include="NativeRenderingPlugin\Unity\IUnityInterface.h">
      <Filter>Unity</Filter>
    </ClInclude>
    <ClInclude Include="NativeRenderingPlugin\PlatformBase.h">
      <Filter>Unity</Filter>
    </ClInclude>
    <ClInclude Include="NativeRenderingPlugin\RenderAPI.h">
      <Filter>Unity</Filter>
    </ClInclude>
    <ClInclude Include="D3DInterface.h">
      <Filter>d3d11</Filter>
    </ClInclude>
    <ClInclude Include="glcorearb.h">
      <Filter>d3d11</Filter>
    </ClInclude>
    <ClInclude Include="wglext.h">
      <Filter>d3d11</Filter>
    </ClInclude>
    <ClInclude Include="WindowClient.h">
      <Filter>d3d11</Filter>
    </ClInclude>
    <ClInclude Include="WglUtils.h">
      <Filter>d3d11</Filter>
    </ClInclude>
  </ItemGroup>
  <ItemGroup>
    <ClCompile Include="stdafx.cpp">
      <Filter>源文件</Filter>
    </ClCompile>
    <ClCompile Include="bitmpv.cpp">
      <Filter>源文件</Filter>
    </ClCompile>
    <ClCompile Include="dllmain.cpp">
      <Filter>源文件</Filter>
    </ClCompile>
    <ClCompile Include="MPVController.cpp">
      <Filter>core</Filter>
    </ClCompile>
    <ClCompile Include="MPVDataDefine.cpp">
      <Filter>core</Filter>
    </ClCompile>
    <ClCompile Include="MPVTrack.cpp">
      <Filter>core</Filter>
    </ClCompile>
    <ClCompile Include="WinPlayer.cpp">
      <Filter>player</Filter>
    </ClCompile>
    <ClCompile Include="PlayerCore.cpp">
      <Filter>core</Filter>
    </ClCompile>
    <ClCompile Include="PlayerForCS.cpp">
      <Filter>player</Filter>
    </ClCompile>
    <ClCompile Include="cJSON.c">
      <Filter>cjson</Filter>
    </ClCompile>
    <ClCompile Include="CJsonObject.cpp">
      <Filter>cjson</Filter>
    </ClCompile>
    <ClCompile Include="CJsonHelper.cpp">
      <Filter>cjson</Filter>
    </ClCompile>
    <ClCompile Include="NativeRenderingPlugin\gl3w\gl3w.c">
      <Filter>Unity</Filter>
    </ClCompile>
    <ClCompile Include="NativeRenderingPlugin\RenderAPI.cpp">
      <Filter>Unity</Filter>
    </ClCompile>
    <ClCompile Include="NativeRenderingPlugin\RenderAPI_D3D11.cpp">
      <Filter>Unity</Filter>
    </ClCompile>
    <ClCompile Include="NativeRenderingPlugin\RenderAPI_D3D12.cpp">
      <Filter>Unity</Filter>
    </ClCompile>
    <ClCompile Include="NativeRenderingPlugin\RenderAPI_OpenGLCoreES.cpp">
      <Filter>Unity</Filter>
    </ClCompile>
    <ClCompile Include="NativeRenderingPlugin\RenderAPI_Vulkan.cpp">
      <Filter>Unity</Filter>
    </ClCompile>
    <ClCompile Include="D3DInterface.cpp">
      <Filter>d3d11</Filter>
    </ClCompile>
    <ClCompile Include="WindowClient.cpp">
      <Filter>d3d11</Filter>
    </ClCompile>
    <ClCompile Include="WglUtils.cpp">
      <Filter>d3d11</Filter>
    </ClCompile>
  </ItemGroup>
</Project>